{
  "name": "simon",
  "version": "0.1.0",
  "lockfileVersion": 3,
  "requires": true,
  "packages": {
    "": {
      "name": "simon",
      "version": "0.1.0",
      "devDependencies": {
        "@tauri-apps/cli": ">=2.0.0-rc.0"
      }
    },
    "node_modules/@tauri-apps/cli": {
      "version": "2.0.0-rc.6",
      "resolved": "https://registry.npmjs.org/@tauri-apps/cli/-/cli-2.0.0-rc.6.tgz",
      "integrity": "sha512-yafCtmGDptkRASmn8WefoPYJjHqy2VE7tms+OQ0PK3vsgUU5+nrbhEyzpcVINHokWRhoT1kuUaNBnhTnUf7nWw==",
      "dev": true,
      "bin": {
        "tauri": "tauri.js"
      },
      "engines": {
        "node": ">= 10"
      },
      "funding": {
        "type": "opencollective",
        "url": "https://opencollective.com/tauri"
      },
      "optionalDependencies": {
        "@tauri-apps/cli-darwin-arm64": "2.0.0-rc.6",
        "@tauri-apps/cli-darwin-x64": "2.0.0-rc.6",
        "@tauri-apps/cli-linux-arm-gnueabihf": "2.0.0-rc.6",
        "@tauri-apps/cli-linux-arm64-gnu": "2.0.0-rc.6",
        "@tauri-apps/cli-linux-arm64-musl": "2.0.0-rc.6",
        "@tauri-apps/cli-linux-x64-gnu": "2.0.0-rc.6",
        "@tauri-apps/cli-linux-x64-musl": "2.0.0-rc.6",
        "@tauri-apps/cli-win32-arm64-msvc": "2.0.0-rc.6",
        "@tauri-apps/cli-win32-ia32-msvc": "2.0.0-rc.6",
        "@tauri-apps/cli-win32-x64-msvc": "2.0.0-rc.6"
      }
    },
    "node_modules/@tauri-apps/cli-darwin-arm64": {
      "version": "2.0.0-rc.6",
      "resolved": "https://registry.npmjs.org/@tauri-apps/cli-darwin-arm64/-/cli-darwin-arm64-2.0.0-rc.6.tgz",
      "integrity": "sha512-uLKb2hYMY3QYdcUDDVLPD7Jo4rWwJVjFBsnFydck7WhmUlERqTc2R1qr84beSPDDHqFiL38pHVYbTUItu0J6gA==",
      "cpu": [
        "arm64"
      ],
      "dev": true,
      "optional": true,
      "os": [
        "darwin"
      ],
      "engines": {
        "node": ">= 10"
      }
    },
    "node_modules/@tauri-apps/cli-darwin-x64": {
      "version": "2.0.0-rc.6",
      "resolved": "https://registry.npmjs.org/@tauri-apps/cli-darwin-x64/-/cli-darwin-x64-2.0.0-rc.6.tgz",
      "integrity": "sha512-4muxIQN24NKLf9GqOgS6dChA6/zIVzB5t79QaMmdbmJIa8T1inWa58HpCSHVhZpS4jkZHNt0LY5qf6/78pgslA==",
      "cpu": [
        "x64"
      ],
      "dev": true,
      "optional": true,
      "os": [
        "darwin"
      ],
      "engines": {
        "node": ">= 10"
      }
    },
    "node_modules/@tauri-apps/cli-linux-arm-gnueabihf": {
      "version": "2.0.0-rc.6",
      "resolved": "https://registry.npmjs.org/@tauri-apps/cli-linux-arm-gnueabihf/-/cli-linux-arm-gnueabihf-2.0.0-rc.6.tgz",
      "integrity": "sha512-PWWt6LH/uNUlXV/OFC0AK997F4FroTIJnA9UOt/gU0OD80+2/AxWPxZv9JBnKaO85aiDnB36r/PVeBC64b3LEA==",
      "cpu": [
        "arm"
      ],
      "dev": true,
      "optional": true,
      "os": [
        "linux"
      ],
      "engines": {
        "node": ">= 10"
      }
    },
    "node_modules/@tauri-apps/cli-linux-arm64-gnu": {
      "version": "2.0.0-rc.6",
      "resolved": "https://registry.npmjs.org/@tauri-apps/cli-linux-arm64-gnu/-/cli-linux-arm64-gnu-2.0.0-rc.6.tgz",
      "integrity": "sha512-AH8+AB1i0hqNbrzbTKKoMx8pQ9Wl4I3pDAaMDlY42hSgzh9KkHnGg1WqyRNbwiJ6rplKNVefvP26p9b+uvzu3g==",
      "cpu": [
        "arm64"
      ],
      "dev": true,
      "optional": true,
      "os": [
        "linux"
      ],
      "engines": {
        "node": ">= 10"
      }
    },
    "node_modules/@tauri-apps/cli-linux-arm64-musl": {
      "version": "2.0.0-rc.6",
      "resolved": "https://registry.npmjs.org/@tauri-apps/cli-linux-arm64-musl/-/cli-linux-arm64-musl-2.0.0-rc.6.tgz",
      "integrity": "sha512-j9leBklTyaYBZeyy0Fj3rwQpPqlV+kD/6Ro0REr5L1IPkF1gkiIJV/hbJOQ2sFdLH/KCBQ+DqBYn8qhBvKLukw==",
      "cpu": [
        "arm64"
      ],
      "dev": true,
      "optional": true,
      "os": [
        "linux"
      ],
      "engines": {
        "node": ">= 10"
      }
    },
    "node_modules/@tauri-apps/cli-linux-x64-gnu": {
      "version": "2.0.0-rc.6",
      "resolved": "https://registry.npmjs.org/@tauri-apps/cli-linux-x64-gnu/-/cli-linux-x64-gnu-2.0.0-rc.6.tgz",
      "integrity": "sha512-U0I1AwluC8wgkH3gi3k5D25UsXxBy9cNGr11FUSEhCifapRZ3cgpYPxCkepCsDnGThJivSV44BjBGD+STCj6Kw==",
      "cpu": [
        "x64"
      ],
      "dev": true,
      "optional": true,
      "os": [
        "linux"
      ],
      "engines": {
        "node": ">= 10"
      }
    },
    "node_modules/@tauri-apps/cli-linux-x64-musl": {
      "version": "2.0.0-rc.6",
      "resolved": "https://registry.npmjs.org/@tauri-apps/cli-linux-x64-musl/-/cli-linux-x64-musl-2.0.0-rc.6.tgz",
      "integrity": "sha512-OL4BFZmrK6YbBkWvL5n6PfdcjuT6993uY+JoLJelrqKdoLWZeKy1+UIIIZGfrMMjpcD1YgqwUW6YiwkMPwcMyg==",
      "cpu": [
        "x64"
      ],
      "dev": true,
      "optional": true,
      "os": [
        "linux"
      ],
      "engines": {
        "node": ">= 10"
      }
    },
    "node_modules/@tauri-apps/cli-win32-arm64-msvc": {
      "version": "2.0.0-rc.6",
      "resolved": "https://registry.npmjs.org/@tauri-apps/cli-win32-arm64-msvc/-/cli-win32-arm64-msvc-2.0.0-rc.6.tgz",
      "integrity": "sha512-hVZl4+FNLzdVQqH/VijF5V86KmShMAS2SkJDXk+RdcB5y52tbEsZyBUpDlc3XwCW11HBINT2Y3FIxLOT74MgqA==",
      "cpu": [
        "arm64"
      ],
      "dev": true,
      "optional": true,
      "os": [
        "win32"
      ],
      "engines": {
        "node": ">= 10"
      }
    },
    "node_modules/@tauri-apps/cli-win32-ia32-msvc": {
      "version": "2.0.0-rc.6",
      "resolved": "https://registry.npmjs.org/@tauri-apps/cli-win32-ia32-msvc/-/cli-win32-ia32-msvc-2.0.0-rc.6.tgz",
      "integrity": "sha512-518O4YkYmifGlHSP4YJUCoiPvfdgnnA0/sxBT125IrTk67cnFmnwz18eniykYX8pwe7SleetRZ9JhEWpUYb0lQ==",
      "cpu": [
        "ia32"
      ],
      "dev": true,
      "optional": true,
      "os": [
        "win32"
      ],
      "engines": {
        "node": ">= 10"
      }
    },
    "node_modules/@tauri-apps/cli-win32-x64-msvc": {
      "version": "2.0.0-rc.6",
      "resolved": "https://registry.npmjs.org/@tauri-apps/cli-win32-x64-msvc/-/cli-win32-x64-msvc-2.0.0-rc.6.tgz",
      "integrity": "sha512-06Fb3xQCEyw/O0cphBN5w6XH6Acu6kskXBqMQNt+RfAdFfOM92hrg2gGR+DVv3JRsZctwC4WXLe++TCqcq7nuw==",
      "cpu": [
        "x64"
      ],
      "dev": true,
      "optional": true,
      "os": [
        "win32"
      ],
      "engines": {
        "node": ">= 10"
      }
    }
  }
}
